
Microsoft Visual Studio Solution File, Format Version 12.00
# Visual Studio Version 17
VisualStudioVersion = 17.0.32014.148
MinimumVisualStudioVersion = 10.0.40219.1
Project("{9A19103F-16F7-4668-BE54-9A1E7A4F7556}") = "MCTools", "MCTools\MCTools.csproj", "{C01FD7E6-F974-46A3-A6A2-7BEB1B7962F3}"
EndProject
Project("{9A19103F-16F7-4668-BE54-9A1E7A4F7556}") = "MCTools.SDK", "MCTools.SDK\MCTools.SDK.csproj", "{972B74AC-A094-4EC0-AEA3-3DE47EA0B949}"
EndProject
Global
	GlobalSection(SolutionConfigurationPlatforms) = preSolution
		Debug|Any CPU = Debug|Any CPU
		Release|Any CPU = Release|Any CPU
	EndGlobalSection
	GlobalSection(ProjectConfigurationPlatforms) = postSolution
		{C01FD7E6-F974-46A3-A6A2-7BEB1B7962F3}.Debug|Any CPU.ActiveCfg = Debug|Any CPU
		{C01FD7E6-F974-46A3-A6A2-7BEB1B7962F3}.Debug|Any CPU.Build.0 = Debug|Any CPU
		{C01FD7E6-F974-46A3-A6A2-7BEB1B7962F3}.Release|Any CPU.ActiveCfg = Release|Any CPU
		{C01FD7E6-F974-46A3-A6A2-7BEB1B7962F3}.Release|Any CPU.Build.0 = Release|Any CPU
		{972B74AC-A094-4EC0-AEA3-3DE47EA0B949}.Debug|Any CPU.ActiveCfg = Debug|Any CPU
		{972B74AC-A094-4EC0-AEA3-3DE47EA0B949}.Debug|Any CPU.Build.0 = Debug|Any CPU
		{972B74AC-A094-4EC0-AEA3-3DE47EA0B949}.Release|Any CPU.ActiveCfg = Release|Any CPU
		{972B74AC-A094-4EC0-AEA3-3DE47EA0B949}.Release|Any CPU.Build.0 = Release|Any CPU
	EndGlobalSection
	GlobalSection(SolutionProperties) = preSolution
		HideSolutionNode = FALSE
	EndGlobalSection
	GlobalSection(ExtensibilityGlobals) = postSolution
		SolutionGuid = {674CEADC-0282-440B-9DF2-6238A25C8092}
	EndGlobalSection
EndGlobal
